
Microsoft Visual Studio Solution File, Format Version 12.00
# Visual Studio 14
VisualStudioVersion = 14.0.23107.0
MinimumVisualStudioVersion = 10.0.40219.1
Project("{FAE04EC0-301F-11D3-BF4B-00C04F79EFBC}") = "android1", "android1\android1.csproj", "{355A06E8-B5D7-4FD8-87DB-4DD20372151F}"
EndProject
Global
	GlobalSection(SolutionConfigurationPlatforms) = preSolution
		Debug|Any CPU = Debug|Any CPU
		Release|Any CPU = Release|Any CPU
	EndGlobalSection
	GlobalSection(ProjectConfigurationPlatforms) = postSolution
		{355A06E8-B5D7-4FD8-87DB-4DD20372151F}.Debug|Any CPU.ActiveCfg = Debug|Any CPU
		{355A06E8-B5D7-4FD8-87DB-4DD20372151F}.Debug|Any CPU.Build.0 = Debug|Any CPU
		{355A06E8-B5D7-4FD8-87DB-4DD20372151F}.Release|Any CPU.ActiveCfg = Release|Any CPU
		{355A06E8-B5D7-4FD8-87DB-4DD20372151F}.Release|Any CPU.Build.0 = Release|Any CPU
	EndGlobalSection
	GlobalSection(SolutionProperties) = preSolution
		HideSolutionNode = FALSE
	EndGlobalSection
EndGlobal
